// !$*UTF8*$!
{
	archiveVersion = 1;
	classes = {
	};
	objectVersion = 55;
	objects = {

/* Begin PBXBuildFile section */
		000FB11029D48B6800010128 /* RtcBasic in Frameworks */ = {isa = PBXBuildFile; productRef = 000FB10F29D48B6800010128 /* RtcBasic */; };
		000FB11329D48DD500010128 /* AgoraRtmKit in Frameworks */ = {isa = PBXBuildFile; productRef = 000FB11229D48DD500010128 /* AgoraRtmKit */; };
		003DC04829E1FC1400034A80 /* CallViewRouter.swift in Sources */ = {isa = PBXBuildFile; fileRef = 003DC04729E1FC1400034A80 /* CallViewRouter.swift */; };
		003DC04C29E2018100034A80 /* CallMediator.swift in Sources */ = {isa = PBXBuildFile; fileRef = 003DC04B29E2018100034A80 /* CallMediator.swift */; };
		003DC05029E2035B00034A80 /* SinchRTC.xcframework in Frameworks */ = {isa = PBXBuildFile; fileRef = 003DC04F29E2035B00034A80 /* SinchRTC.xcframework */; };
		003DC05129E2035B00034A80 /* SinchRTC.xcframework in Embed Frameworks */ = {isa = PBXBuildFile; fileRef = 003DC04F29E2035B00034A80 /* SinchRTC.xcframework */; settings = {ATTRIBUTES = (CodeSignOnCopy, RemoveHeadersOnCopy, ); }; };
		003DC05429E2046100034A80 /* Config.swift in Sources */ = {isa = PBXBuildFile; fileRef = 003DC05329E2046100034A80 /* Config.swift */; };
		003DC05729E209C800034A80 /* ringback.wav in Resources */ = {isa = PBXBuildFile; fileRef = 003DC05629E209C800034A80 /* ringback.wav */; };
		003DC05929E209E200034A80 /* incoming.wav in Resources */ = {isa = PBXBuildFile; fileRef = 003DC05829E209E200034A80 /* incoming.wav */; };
		003DC05C29E20B2B00034A80 /* CallMediator+CXProviderDelegate.swift in Sources */ = {isa = PBXBuildFile; fileRef = 003DC05B29E20B2B00034A80 /* CallMediator+CXProviderDelegate.swift */; };
		003DC05E29E20BB600034A80 /* CallMediator+SinchClientDelegate.swift in Sources */ = {isa = PBXBuildFile; fileRef = 003DC05D29E20BB600034A80 /* CallMediator+SinchClientDelegate.swift */; };
		003DC06029E20BE900034A80 /* SinchJWT.swift in Sources */ = {isa = PBXBuildFile; fileRef = 003DC05F29E20BE900034A80 /* SinchJWT.swift */; };
		003DC06229E20C8100034A80 /* CallMediator+SinchCallClientDelegate.swift in Sources */ = {isa = PBXBuildFile; fileRef = 003DC06129E20C8100034A80 /* CallMediator+SinchCallClientDelegate.swift */; };
		003DC06429E20CCC00034A80 /* CallMediator+SinchCallDelegate.swift in Sources */ = {isa = PBXBuildFile; fileRef = 003DC06329E20CCC00034A80 /* CallMediator+SinchCallDelegate.swift */; };
		003DC06629E20DBE00034A80 /* CallMediator+SinchAudioControllerDelegate.swift in Sources */ = {isa = PBXBuildFile; fileRef = 003DC06529E20DBE00034A80 /* CallMediator+SinchAudioControllerDelegate.swift */; };
		003DC06A29E211A700034A80 /* AppDelegate.swift in Sources */ = {isa = PBXBuildFile; fileRef = 003DC06929E211A700034A80 /* AppDelegate.swift */; };
		004C420029DDB1A3000ECC93 /* AppRouter.swift in Sources */ = {isa = PBXBuildFile; fileRef = 004C41FF29DDB1A3000ECC93 /* AppRouter.swift */; };
		004C420829E0272A000ECC93 /* CallFriendProjectUITests.swift in Sources */ = {isa = PBXBuildFile; fileRef = 004C420729E0272A000ECC93 /* CallFriendProjectUITests.swift */; };
		004C420A29E0272A000ECC93 /* CallFriendProjectUITestsLaunchTests.swift in Sources */ = {isa = PBXBuildFile; fileRef = 004C420929E0272A000ECC93 /* CallFriendProjectUITestsLaunchTests.swift */; };
		004C421229E05C0E000ECC93 /* CallInteractor.swift in Sources */ = {isa = PBXBuildFile; fileRef = 004C421129E05C0E000ECC93 /* CallInteractor.swift */; };
		004C421529E065B2000ECC93 /* ContentViewPresenter.swift in Sources */ = {isa = PBXBuildFile; fileRef = 004C421429E065B2000ECC93 /* ContentViewPresenter.swift */; };
		004C421729E06FDB000ECC93 /* UserSetting.swift in Sources */ = {isa = PBXBuildFile; fileRef = 004C421629E06FDB000ECC93 /* UserSetting.swift */; };
		004C421929E07076000ECC93 /* LoginViewPresenter.swift in Sources */ = {isa = PBXBuildFile; fileRef = 004C421829E07076000ECC93 /* LoginViewPresenter.swift */; };
		004C421B29E07220000ECC93 /* MainViewPresenter.swift in Sources */ = {isa = PBXBuildFile; fileRef = 004C421A29E07220000ECC93 /* MainViewPresenter.swift */; };
		004C421E29E076A1000ECC93 /* AlertToast in Frameworks */ = {isa = PBXBuildFile; productRef = 004C421D29E076A1000ECC93 /* AlertToast */; };
		004C422029E07EB0000ECC93 /* Constants.swift in Sources */ = {isa = PBXBuildFile; fileRef = 004C421F29E07EB0000ECC93 /* Constants.swift */; };
		00C199B629FAE43A00732115 /* CallViewPresenter.swift in Sources */ = {isa = PBXBuildFile; fileRef = 00C199B529FAE43A00732115 /* CallViewPresenter.swift */; };
		00C199B829FC10F600732115 /* VideoSwiftUIView.swift in Sources */ = {isa = PBXBuildFile; fileRef = 00C199B729FC10F600732115 /* VideoSwiftUIView.swift */; };
		00C199BB2A05669700732115 /* FirebaseAuth in Frameworks */ = {isa = PBXBuildFile; productRef = 00C199BA2A05669700732115 /* FirebaseAuth */; };
		00C199BD2A05669700732115 /* FirebaseFirestore in Frameworks */ = {isa = PBXBuildFile; productRef = 00C199BC2A05669700732115 /* FirebaseFirestore */; };
		00C199C22A05684800732115 /* SignUpView.swift in Sources */ = {isa = PBXBuildFile; fileRef = 00C199C12A05684800732115 /* SignUpView.swift */; };
		00C199C42A05685400732115 /* AuthView.swift in Sources */ = {isa = PBXBuildFile; fileRef = 00C199C32A05685400732115 /* AuthView.swift */; };
		00C199C62A056ECD00732115 /* GoogleService-Info.plist in Resources */ = {isa = PBXBuildFile; fileRef = 00C199C52A056ECC00732115 /* GoogleService-Info.plist */; };
		00C199C82A068D3D00732115 /* DatabaseService.swift in Sources */ = {isa = PBXBuildFile; fileRef = 00C199C72A068D3D00732115 /* DatabaseService.swift */; };
		00C199CA2A091C3F00732115 /* DBUserData.swift in Sources */ = {isa = PBXBuildFile; fileRef = 00C199C92A091C3F00732115 /* DBUserData.swift */; };
		00C199CC2A0938B200732115 /* ActiveUsersView.swift in Sources */ = {isa = PBXBuildFile; fileRef = 00C199CB2A0938B200732115 /* ActiveUsersView.swift */; };
		0F0632BE27FDD93800B72652 /* CallFriendProjectApp.swift in Sources */ = {isa = PBXBuildFile; fileRef = 0F0632BD27FDD93800B72652 /* CallFriendProjectApp.swift */; };
		0F0632C027FDD93800B72652 /* ContentView.swift in Sources */ = {isa = PBXBuildFile; fileRef = 0F0632BF27FDD93800B72652 /* ContentView.swift */; };
		0F0632C227FDD93C00B72652 /* Assets.xcassets in Resources */ = {isa = PBXBuildFile; fileRef = 0F0632C127FDD93C00B72652 /* Assets.xcassets */; };
		0F0632C527FDD93C00B72652 /* Preview Assets.xcassets in Resources */ = {isa = PBXBuildFile; fileRef = 0F0632C427FDD93C00B72652 /* Preview Assets.xcassets */; };
		0F06331127FF0CBD00B72652 /* VideoView.swift in Sources */ = {isa = PBXBuildFile; fileRef = 0F06331027FF0CBD00B72652 /* VideoView.swift */; };
		0F0633182802E9C700B72652 /* SignInView.swift in Sources */ = {isa = PBXBuildFile; fileRef = 0F0633172802E9C700B72652 /* SignInView.swift */; };
		0F06331F280339E800B72652 /* MainView.swift in Sources */ = {isa = PBXBuildFile; fileRef = 0F06331E280339E800B72652 /* MainView.swift */; };
		0F577A48281EA70100954D4B /* IncommingCallView.swift in Sources */ = {isa = PBXBuildFile; fileRef = 0F577A47281EA70100954D4B /* IncommingCallView.swift */; };
		0F577A4B281EA73500954D4B /* OutgoingCallView.swift in Sources */ = {isa = PBXBuildFile; fileRef = 0F577A4A281EA73500954D4B /* OutgoingCallView.swift */; };
		0F577A4D281EA74300954D4B /* SpeakingView.swift in Sources */ = {isa = PBXBuildFile; fileRef = 0F577A4C281EA74300954D4B /* SpeakingView.swift */; };
		0F577A4F281EABEB00954D4B /* CallView.swift in Sources */ = {isa = PBXBuildFile; fileRef = 0F577A4E281EABEB00954D4B /* CallView.swift */; };
		0F577A53281EAC8B00954D4B /* Call.swift in Sources */ = {isa = PBXBuildFile; fileRef = 0F577A52281EAC8B00954D4B /* Call.swift */; };
		0FEA17982807166D00B6B8B3 /* NotificationEvent.swift in Sources */ = {isa = PBXBuildFile; fileRef = 0FEA17972807166D00B6B8B3 /* NotificationEvent.swift */; };
/* End PBXBuildFile section */

/* Begin PBXContainerItemProxy section */
		004C420B29E0272A000ECC93 /* PBXContainerItemProxy */ = {
			isa = PBXContainerItemProxy;
			containerPortal = 0F0632B227FDD93800B72652 /* Project object */;
			proxyType = 1;
			remoteGlobalIDString = 0F0632B927FDD93800B72652;
			remoteInfo = CallFriendProject;
		};
/* End PBXContainerItemProxy section */

/* Begin PBXCopyFilesBuildPhase section */
		003DC05229E2035B00034A80 /* Embed Frameworks */ = {
			isa = PBXCopyFilesBuildPhase;
			buildActionMask = 2147483647;
			dstPath = "";
			dstSubfolderSpec = 10;
			files = (
				003DC05129E2035B00034A80 /* SinchRTC.xcframework in Embed Frameworks */,
			);
			name = "Embed Frameworks";
			runOnlyForDeploymentPostprocessing = 0;
		};
/* End PBXCopyFilesBuildPhase section */

/* Begin PBXFileReference section */
		003DC04729E1FC1400034A80 /* CallViewRouter.swift */ = {isa = PBXFileReference; lastKnownFileType = sourcecode.swift; path = CallViewRouter.swift; sourceTree = "<group>"; };
		003DC04B29E2018100034A80 /* CallMediator.swift */ = {isa = PBXFileReference; lastKnownFileType = sourcecode.swift; path = CallMediator.swift; sourceTree = "<group>"; };
		003DC04F29E2035B00034A80 /* SinchRTC.xcframework */ = {isa = PBXFileReference; lastKnownFileType = wrapper.xcframework; name = SinchRTC.xcframework; path = "../../Downloads/SinchRTC-iOS-5.19.19+00672844/dynamic/SinchRTC/SinchRTC.xcframework"; sourceTree = "<group>"; };
		003DC05329E2046100034A80 /* Config.swift */ = {isa = PBXFileReference; lastKnownFileType = sourcecode.swift; path = Config.swift; sourceTree = "<group>"; };
		003DC05629E209C800034A80 /* ringback.wav */ = {isa = PBXFileReference; lastKnownFileType = audio.wav; path = ringback.wav; sourceTree = "<group>"; };
		003DC05829E209E200034A80 /* incoming.wav */ = {isa = PBXFileReference; lastKnownFileType = audio.wav; path = incoming.wav; sourceTree = "<group>"; };
		003DC05B29E20B2B00034A80 /* CallMediator+CXProviderDelegate.swift */ = {isa = PBXFileReference; lastKnownFileType = sourcecode.swift; path = "CallMediator+CXProviderDelegate.swift"; sourceTree = "<group>"; };
		003DC05D29E20BB600034A80 /* CallMediator+SinchClientDelegate.swift */ = {isa = PBXFileReference; lastKnownFileType = sourcecode.swift; path = "CallMediator+SinchClientDelegate.swift"; sourceTree = "<group>"; };
		003DC05F29E20BE900034A80 /* SinchJWT.swift */ = {isa = PBXFileReference; lastKnownFileType = sourcecode.swift; path = SinchJWT.swift; sourceTree = "<group>"; };
		003DC06129E20C8100034A80 /* CallMediator+SinchCallClientDelegate.swift */ = {isa = PBXFileReference; lastKnownFileType = sourcecode.swift; path = "CallMediator+SinchCallClientDelegate.swift"; sourceTree = "<group>"; };
		003DC06329E20CCC00034A80 /* CallMediator+SinchCallDelegate.swift */ = {isa = PBXFileReference; lastKnownFileType = sourcecode.swift; path = "CallMediator+SinchCallDelegate.swift"; sourceTree = "<group>"; };
		003DC06529E20DBE00034A80 /* CallMediator+SinchAudioControllerDelegate.swift */ = {isa = PBXFileReference; lastKnownFileType = sourcecode.swift; path = "CallMediator+SinchAudioControllerDelegate.swift"; sourceTree = "<group>"; };
		003DC06729E2110F00034A80 /* CallFriendProject.entitlements */ = {isa = PBXFileReference; lastKnownFileType = text.plist.entitlements; path = CallFriendProject.entitlements; sourceTree = "<group>"; };
		003DC06829E2111300034A80 /* Info.plist */ = {isa = PBXFileReference; lastKnownFileType = text.plist; path = Info.plist; sourceTree = "<group>"; };
		003DC06929E211A700034A80 /* AppDelegate.swift */ = {isa = PBXFileReference; lastKnownFileType = sourcecode.swift; path = AppDelegate.swift; sourceTree = "<group>"; };
		004C41FF29DDB1A3000ECC93 /* AppRouter.swift */ = {isa = PBXFileReference; lastKnownFileType = sourcecode.swift; path = AppRouter.swift; sourceTree = "<group>"; };
		004C420529E02729000ECC93 /* CallFriendProjectUITests.xctest */ = {isa = PBXFileReference; explicitFileType = wrapper.cfbundle; includeInIndex = 0; path = CallFriendProjectUITests.xctest; sourceTree = BUILT_PRODUCTS_DIR; };
		004C420729E0272A000ECC93 /* CallFriendProjectUITests.swift */ = {isa = PBXFileReference; lastKnownFileType = sourcecode.swift; path = CallFriendProjectUITests.swift; sourceTree = "<group>"; };
		004C420929E0272A000ECC93 /* CallFriendProjectUITestsLaunchTests.swift */ = {isa = PBXFileReference; lastKnownFileType = sourcecode.swift; path = CallFriendProjectUITestsLaunchTests.swift; sourceTree = "<group>"; };
		004C421129E05C0E000ECC93 /* CallInteractor.swift */ = {isa = PBXFileReference; lastKnownFileType = sourcecode.swift; path = CallInteractor.swift; sourceTree = "<group>"; };
		004C421429E065B2000ECC93 /* ContentViewPresenter.swift */ = {isa = PBXFileReference; lastKnownFileType = sourcecode.swift; path = ContentViewPresenter.swift; sourceTree = "<group>"; };
		004C421629E06FDB000ECC93 /* UserSetting.swift */ = {isa = PBXFileReference; lastKnownFileType = sourcecode.swift; path = UserSetting.swift; sourceTree = "<group>"; };
		004C421829E07076000ECC93 /* LoginViewPresenter.swift */ = {isa = PBXFileReference; lastKnownFileType = sourcecode.swift; path = LoginViewPresenter.swift; sourceTree = "<group>"; };
		004C421A29E07220000ECC93 /* MainViewPresenter.swift */ = {isa = PBXFileReference; lastKnownFileType = sourcecode.swift; path = MainViewPresenter.swift; sourceTree = "<group>"; };
		004C421F29E07EB0000ECC93 /* Constants.swift */ = {isa = PBXFileReference; lastKnownFileType = sourcecode.swift; path = Constants.swift; sourceTree = "<group>"; };
		00C199B529FAE43A00732115 /* CallViewPresenter.swift */ = {isa = PBXFileReference; lastKnownFileType = sourcecode.swift; path = CallViewPresenter.swift; sourceTree = "<group>"; };
		00C199B729FC10F600732115 /* VideoSwiftUIView.swift */ = {isa = PBXFileReference; lastKnownFileType = sourcecode.swift; path = VideoSwiftUIView.swift; sourceTree = "<group>"; };
		00C199C12A05684800732115 /* SignUpView.swift */ = {isa = PBXFileReference; lastKnownFileType = sourcecode.swift; path = SignUpView.swift; sourceTree = "<group>"; };
		00C199C32A05685400732115 /* AuthView.swift */ = {isa = PBXFileReference; lastKnownFileType = sourcecode.swift; path = AuthView.swift; sourceTree = "<group>"; };
		00C199C52A056ECC00732115 /* GoogleService-Info.plist */ = {isa = PBXFileReference; fileEncoding = 4; lastKnownFileType = text.plist.xml; path = "GoogleService-Info.plist"; sourceTree = "<group>"; };
		00C199C72A068D3D00732115 /* DatabaseService.swift */ = {isa = PBXFileReference; lastKnownFileType = sourcecode.swift; path = DatabaseService.swift; sourceTree = "<group>"; };
		00C199C92A091C3F00732115 /* DBUserData.swift */ = {isa = PBXFileReference; lastKnownFileType = sourcecode.swift; path = DBUserData.swift; sourceTree = "<group>"; };
		00C199CB2A0938B200732115 /* ActiveUsersView.swift */ = {isa = PBXFileReference; lastKnownFileType = sourcecode.swift; path = ActiveUsersView.swift; sourceTree = "<group>"; };
		0F0632BA27FDD93800B72652 /* CallFriendProject.app */ = {isa = PBXFileReference; explicitFileType = wrapper.application; includeInIndex = 0; path = CallFriendProject.app; sourceTree = BUILT_PRODUCTS_DIR; };
		0F0632BD27FDD93800B72652 /* CallFriendProjectApp.swift */ = {isa = PBXFileReference; lastKnownFileType = sourcecode.swift; path = CallFriendProjectApp.swift; sourceTree = "<group>"; };
		0F0632BF27FDD93800B72652 /* ContentView.swift */ = {isa = PBXFileReference; lastKnownFileType = sourcecode.swift; path = ContentView.swift; sourceTree = "<group>"; };
		0F0632C127FDD93C00B72652 /* Assets.xcassets */ = {isa = PBXFileReference; lastKnownFileType = folder.assetcatalog; path = Assets.xcassets; sourceTree = "<group>"; };
		0F0632C427FDD93C00B72652 /* Preview Assets.xcassets */ = {isa = PBXFileReference; lastKnownFileType = folder.assetcatalog; path = "Preview Assets.xcassets"; sourceTree = "<group>"; };
		0F06331027FF0CBD00B72652 /* VideoView.swift */ = {isa = PBXFileReference; fileEncoding = 4; lastKnownFileType = sourcecode.swift; path = VideoView.swift; sourceTree = "<group>"; };
		0F0633172802E9C700B72652 /* SignInView.swift */ = {isa = PBXFileReference; lastKnownFileType = sourcecode.swift; path = SignInView.swift; sourceTree = "<group>"; };
		0F06331E280339E800B72652 /* MainView.swift */ = {isa = PBXFileReference; lastKnownFileType = sourcecode.swift; path = MainView.swift; sourceTree = "<group>"; };
		0F577A47281EA70100954D4B /* IncommingCallView.swift */ = {isa = PBXFileReference; lastKnownFileType = sourcecode.swift; path = IncommingCallView.swift; sourceTree = "<group>"; };
		0F577A4A281EA73500954D4B /* OutgoingCallView.swift */ = {isa = PBXFileReference; lastKnownFileType = sourcecode.swift; path = OutgoingCallView.swift; sourceTree = "<group>"; };
		0F577A4C281EA74300954D4B /* SpeakingView.swift */ = {isa = PBXFileReference; lastKnownFileType = sourcecode.swift; path = SpeakingView.swift; sourceTree = "<group>"; };
		0F577A4E281EABEB00954D4B /* CallView.swift */ = {isa = PBXFileReference; lastKnownFileType = sourcecode.swift; path = CallView.swift; sourceTree = "<group>"; };
		0F577A52281EAC8B00954D4B /* Call.swift */ = {isa = PBXFileReference; lastKnownFileType = sourcecode.swift; path = Call.swift; sourceTree = "<group>"; };
		0FEA17972807166D00B6B8B3 /* NotificationEvent.swift */ = {isa = PBXFileReference; lastKnownFileType = sourcecode.swift; path = NotificationEvent.swift; sourceTree = "<group>"; };
/* End PBXFileReference section */

/* Begin PBXFrameworksBuildPhase section */
		004C420229E02729000ECC93 /* Frameworks */ = {
			isa = PBXFrameworksBuildPhase;
			buildActionMask = 2147483647;
			files = (
			);
			runOnlyForDeploymentPostprocessing = 0;
		};
		0F0632B727FDD93800B72652 /* Frameworks */ = {
			isa = PBXFrameworksBuildPhase;
			buildActionMask = 2147483647;
			files = (
				004C421E29E076A1000ECC93 /* AlertToast in Frameworks */,
				00C199BB2A05669700732115 /* FirebaseAuth in Frameworks */,
				003DC05029E2035B00034A80 /* SinchRTC.xcframework in Frameworks */,
				000FB11329D48DD500010128 /* AgoraRtmKit in Frameworks */,
				000FB11029D48B6800010128 /* RtcBasic in Frameworks */,
				00C199BD2A05669700732115 /* FirebaseFirestore in Frameworks */,
			);
			runOnlyForDeploymentPostprocessing = 0;
		};
/* End PBXFrameworksBuildPhase section */

/* Begin PBXGroup section */
		003DC04929E2014E00034A80 /* CallMediator */ = {
			isa = PBXGroup;
			children = (
			);
			path = CallMediator;
			sourceTree = "<group>";
		};
		003DC04D29E2019F00034A80 /* Entity */ = {
			isa = PBXGroup;
			children = (
				003DC05A29E20AFC00034A80 /* CallMediator */,
				0FEA17972807166D00B6B8B3 /* NotificationEvent.swift */,
				0F577A52281EAC8B00954D4B /* Call.swift */,
				004C421629E06FDB000ECC93 /* UserSetting.swift */,
				004C421F29E07EB0000ECC93 /* Constants.swift */,
				003DC05329E2046100034A80 /* Config.swift */,
				00C199C72A068D3D00732115 /* DatabaseService.swift */,
				00C199C92A091C3F00732115 /* DBUserData.swift */,
			);
			path = Entity;
			sourceTree = "<group>";
		};
		003DC04E29E2035B00034A80 /* Frameworks */ = {
			isa = PBXGroup;
			children = (
				003DC04F29E2035B00034A80 /* SinchRTC.xcframework */,
			);
			name = Frameworks;
			sourceTree = "<group>";
		};
		003DC05529E2099300034A80 /* Supported files */ = {
			isa = PBXGroup;
			children = (
				003DC05629E209C800034A80 /* ringback.wav */,
				003DC05829E209E200034A80 /* incoming.wav */,
				003DC05F29E20BE900034A80 /* SinchJWT.swift */,
			);
			path = "Supported files";
			sourceTree = "<group>";
		};
		003DC05A29E20AFC00034A80 /* CallMediator */ = {
			isa = PBXGroup;
			children = (
				003DC04B29E2018100034A80 /* CallMediator.swift */,
				003DC06529E20DBE00034A80 /* CallMediator+SinchAudioControllerDelegate.swift */,
				003DC05B29E20B2B00034A80 /* CallMediator+CXProviderDelegate.swift */,
				003DC05D29E20BB600034A80 /* CallMediator+SinchClientDelegate.swift */,
				003DC06129E20C8100034A80 /* CallMediator+SinchCallClientDelegate.swift */,
				003DC06329E20CCC00034A80 /* CallMediator+SinchCallDelegate.swift */,
			);
			path = CallMediator;
			sourceTree = "<group>";
		};
		004C41FE29DDB195000ECC93 /* Router */ = {
			isa = PBXGroup;
			children = (
				004C41FF29DDB1A3000ECC93 /* AppRouter.swift */,
				003DC04729E1FC1400034A80 /* CallViewRouter.swift */,
			);
			path = Router;
			sourceTree = "<group>";
		};
		004C420629E0272A000ECC93 /* CallFriendProjectUITests */ = {
			isa = PBXGroup;
			children = (
				004C420729E0272A000ECC93 /* CallFriendProjectUITests.swift */,
				004C420929E0272A000ECC93 /* CallFriendProjectUITestsLaunchTests.swift */,
			);
			path = CallFriendProjectUITests;
			sourceTree = "<group>";
		};
		004C421029E05BF6000ECC93 /* Interactor */ = {
			isa = PBXGroup;
			children = (
				003DC04929E2014E00034A80 /* CallMediator */,
				004C421129E05C0E000ECC93 /* CallInteractor.swift */,
			);
			path = Interactor;
			sourceTree = "<group>";
		};
		004C421329E0659D000ECC93 /* Presenter */ = {
			isa = PBXGroup;
			children = (
				004C421429E065B2000ECC93 /* ContentViewPresenter.swift */,
				004C421829E07076000ECC93 /* LoginViewPresenter.swift */,
				004C421A29E07220000ECC93 /* MainViewPresenter.swift */,
				00C199B529FAE43A00732115 /* CallViewPresenter.swift */,
			);
			path = Presenter;
			sourceTree = "<group>";
		};
		00C199C02A05681900732115 /* AuthViews */ = {
			isa = PBXGroup;
			children = (
				0F0633172802E9C700B72652 /* SignInView.swift */,
				00C199C12A05684800732115 /* SignUpView.swift */,
				00C199C32A05685400732115 /* AuthView.swift */,
			);
			path = AuthViews;
			sourceTree = "<group>";
		};
		0F0632B127FDD93800B72652 = {
			isa = PBXGroup;
			children = (
				0F0632BC27FDD93800B72652 /* CallFriendProject */,
				004C420629E0272A000ECC93 /* CallFriendProjectUITests */,
				0F0632BB27FDD93800B72652 /* Products */,
				003DC04E29E2035B00034A80 /* Frameworks */,
			);
			sourceTree = "<group>";
		};
		0F0632BB27FDD93800B72652 /* Products */ = {
			isa = PBXGroup;
			children = (
				0F0632BA27FDD93800B72652 /* CallFriendProject.app */,
				004C420529E02729000ECC93 /* CallFriendProjectUITests.xctest */,
			);
			name = Products;
			sourceTree = "<group>";
		};
		0F0632BC27FDD93800B72652 /* CallFriendProject */ = {
			isa = PBXGroup;
			children = (
				00C199C52A056ECC00732115 /* GoogleService-Info.plist */,
				003DC06829E2111300034A80 /* Info.plist */,
				003DC06729E2110F00034A80 /* CallFriendProject.entitlements */,
				003DC05529E2099300034A80 /* Supported files */,
				003DC04D29E2019F00034A80 /* Entity */,
				004C421329E0659D000ECC93 /* Presenter */,
				004C421029E05BF6000ECC93 /* Interactor */,
				004C41FE29DDB195000ECC93 /* Router */,
				0F0632CB27FDDC3600B72652 /* View */,
				0F0632BD27FDD93800B72652 /* CallFriendProjectApp.swift */,
				0F0632C127FDD93C00B72652 /* Assets.xcassets */,
				0F0632C327FDD93C00B72652 /* Preview Content */,
				003DC06929E211A700034A80 /* AppDelegate.swift */,
			);
			path = CallFriendProject;
			sourceTree = "<group>";
		};
		0F0632C327FDD93C00B72652 /* Preview Content */ = {
			isa = PBXGroup;
			children = (
				0F0632C427FDD93C00B72652 /* Preview Assets.xcassets */,
			);
			path = "Preview Content";
			sourceTree = "<group>";
		};
		0F0632CB27FDDC3600B72652 /* View */ = {
			isa = PBXGroup;
			children = (
				00C199C02A05681900732115 /* AuthViews */,
				0F577A49281EA70700954D4B /* CallView */,
				0F06331E280339E800B72652 /* MainView.swift */,
				0F0632BF27FDD93800B72652 /* ContentView.swift */,
				00C199CB2A0938B200732115 /* ActiveUsersView.swift */,
			);
			path = View;
			sourceTree = "<group>";
		};
		0F577A49281EA70700954D4B /* CallView */ = {
			isa = PBXGroup;
			children = (
				0F06331027FF0CBD00B72652 /* VideoView.swift */,
				0F577A47281EA70100954D4B /* IncommingCallView.swift */,
				0F577A4A281EA73500954D4B /* OutgoingCallView.swift */,
				0F577A4C281EA74300954D4B /* SpeakingView.swift */,
				0F577A4E281EABEB00954D4B /* CallView.swift */,
				00C199B729FC10F600732115 /* VideoSwiftUIView.swift */,
			);
			path = CallView;
			sourceTree = "<group>";
		};
/* End PBXGroup section */

/* Begin PBXNativeTarget section */
		004C420429E02729000ECC93 /* CallFriendProjectUITests */ = {
			isa = PBXNativeTarget;
			buildConfigurationList = 004C420D29E0272A000ECC93 /* Build configuration list for PBXNativeTarget "CallFriendProjectUITests" */;
			buildPhases = (
				004C420129E02729000ECC93 /* Sources */,
				004C420229E02729000ECC93 /* Frameworks */,
				004C420329E02729000ECC93 /* Resources */,
			);
			buildRules = (
			);
			dependencies = (
				004C420C29E0272A000ECC93 /* PBXTargetDependency */,
			);
			name = CallFriendProjectUITests;
			productName = CallFriendProjectUITests;
			productReference = 004C420529E02729000ECC93 /* CallFriendProjectUITests.xctest */;
			productType = "com.apple.product-type.bundle.ui-testing";
		};
		0F0632B927FDD93800B72652 /* CallFriendProject */ = {
			isa = PBXNativeTarget;
			buildConfigurationList = 0F0632C827FDD93C00B72652 /* Build configuration list for PBXNativeTarget "CallFriendProject" */;
			buildPhases = (
				0F0632B627FDD93800B72652 /* Sources */,
				0F0632B727FDD93800B72652 /* Frameworks */,
				0F0632B827FDD93800B72652 /* Resources */,
				003DC05229E2035B00034A80 /* Embed Frameworks */,
			);
			buildRules = (
			);
			dependencies = (
			);
			name = CallFriendProject;
			packageProductDependencies = (
				000FB10F29D48B6800010128 /* RtcBasic */,
				000FB11229D48DD500010128 /* AgoraRtmKit */,
				004C421D29E076A1000ECC93 /* AlertToast */,
				00C199BA2A05669700732115 /* FirebaseAuth */,
				00C199BC2A05669700732115 /* FirebaseFirestore */,
			);
			productName = CallFriendProject;
			productReference = 0F0632BA27FDD93800B72652 /* CallFriendProject.app */;
			productType = "com.apple.product-type.application";
		};
/* End PBXNativeTarget section */

/* Begin PBXProject section */
		0F0632B227FDD93800B72652 /* Project object */ = {
			isa = PBXProject;
			attributes = {
				BuildIndependentTargetsInParallel = 1;
				LastSwiftUpdateCheck = 1430;
				LastUpgradeCheck = 1320;
				TargetAttributes = {
					004C420429E02729000ECC93 = {
						CreatedOnToolsVersion = 14.3;
						TestTargetID = 0F0632B927FDD93800B72652;
					};
					0F0632B927FDD93800B72652 = {
						CreatedOnToolsVersion = 13.2.1;
					};
				};
			};
			buildConfigurationList = 0F0632B527FDD93800B72652 /* Build configuration list for PBXProject "CallFriendProject" */;
			compatibilityVersion = "Xcode 13.0";
			developmentRegion = en;
			hasScannedForEncodings = 0;
			knownRegions = (
				en,
				Base,
			);
			mainGroup = 0F0632B127FDD93800B72652;
			packageReferences = (
				000FB10E29D48B6800010128 /* XCRemoteSwiftPackageReference "AgoraRtcEngine_iOS" */,
				000FB11129D48DD500010128 /* XCRemoteSwiftPackageReference "AgoraRtm_iOS" */,
				004C421C29E076A1000ECC93 /* XCRemoteSwiftPackageReference "AlertToast" */,
				00C199B92A05669700732115 /* XCRemoteSwiftPackageReference "firebase-ios-sdk" */,
			);
			productRefGroup = 0F0632BB27FDD93800B72652 /* Products */;
			projectDirPath = "";
			projectRoot = "";
			targets = (
				0F0632B927FDD93800B72652 /* CallFriendProject */,
				004C420429E02729000ECC93 /* CallFriendProjectUITests */,
			);
		};
/* End PBXProject section */

/* Begin PBXResourcesBuildPhase section */
		004C420329E02729000ECC93 /* Resources */ = {
			isa = PBXResourcesBuildPhase;
			buildActionMask = 2147483647;
			files = (
			);
			runOnlyForDeploymentPostprocessing = 0;
		};
		0F0632B827FDD93800B72652 /* Resources */ = {
			isa = PBXResourcesBuildPhase;
			buildActionMask = 2147483647;
			files = (
				003DC05929E209E200034A80 /* incoming.wav in Resources */,
				003DC05729E209C800034A80 /* ringback.wav in Resources */,
				00C199C62A056ECD00732115 /* GoogleService-Info.plist in Resources */,
				0F0632C527FDD93C00B72652 /* Preview Assets.xcassets in Resources */,
				0F0632C227FDD93C00B72652 /* Assets.xcassets in Resources */,
			);
			runOnlyForDeploymentPostprocessing = 0;
		};
/* End PBXResourcesBuildPhase section */

/* Begin PBXSourcesBuildPhase section */
		004C420129E02729000ECC93 /* Sources */ = {
			isa = PBXSourcesBuildPhase;
			buildActionMask = 2147483647;
			files = (
				004C420A29E0272A000ECC93 /* CallFriendProjectUITestsLaunchTests.swift in Sources */,
				004C420829E0272A000ECC93 /* CallFriendProjectUITests.swift in Sources */,
			);
			runOnlyForDeploymentPostprocessing = 0;
		};
		0F0632B627FDD93800B72652 /* Sources */ = {
			isa = PBXSourcesBuildPhase;
			buildActionMask = 2147483647;
			files = (
				004C421B29E07220000ECC93 /* MainViewPresenter.swift in Sources */,
				003DC06229E20C8100034A80 /* CallMediator+SinchCallClientDelegate.swift in Sources */,
				003DC06A29E211A700034A80 /* AppDelegate.swift in Sources */,
				0F06331F280339E800B72652 /* MainView.swift in Sources */,
				004C421529E065B2000ECC93 /* ContentViewPresenter.swift in Sources */,
				004C422029E07EB0000ECC93 /* Constants.swift in Sources */,
				0F577A53281EAC8B00954D4B /* Call.swift in Sources */,
				0F577A4D281EA74300954D4B /* SpeakingView.swift in Sources */,
				004C421229E05C0E000ECC93 /* CallInteractor.swift in Sources */,
				004C421729E06FDB000ECC93 /* UserSetting.swift in Sources */,
				0F577A4F281EABEB00954D4B /* CallView.swift in Sources */,
				003DC06029E20BE900034A80 /* SinchJWT.swift in Sources */,
				0F0632C027FDD93800B72652 /* ContentView.swift in Sources */,
				003DC05E29E20BB600034A80 /* CallMediator+SinchClientDelegate.swift in Sources */,
				003DC05C29E20B2B00034A80 /* CallMediator+CXProviderDelegate.swift in Sources */,
				0F06331127FF0CBD00B72652 /* VideoView.swift in Sources */,
				00C199B829FC10F600732115 /* VideoSwiftUIView.swift in Sources */,
				0F577A4B281EA73500954D4B /* OutgoingCallView.swift in Sources */,
				0F577A48281EA70100954D4B /* IncommingCallView.swift in Sources */,
				003DC06429E20CCC00034A80 /* CallMediator+SinchCallDelegate.swift in Sources */,
				00C199CC2A0938B200732115 /* ActiveUsersView.swift in Sources */,
				00C199B629FAE43A00732115 /* CallViewPresenter.swift in Sources */,
				00C199C82A068D3D00732115 /* DatabaseService.swift in Sources */,
				003DC06629E20DBE00034A80 /* CallMediator+SinchAudioControllerDelegate.swift in Sources */,
				00C199C42A05685400732115 /* AuthView.swift in Sources */,
				0F0632BE27FDD93800B72652 /* CallFriendProjectApp.swift in Sources */,
				0FEA17982807166D00B6B8B3 /* NotificationEvent.swift in Sources */,
				004C420029DDB1A3000ECC93 /* AppRouter.swift in Sources */,
				0F0633182802E9C700B72652 /* SignInView.swift in Sources */,
				00C199CA2A091C3F00732115 /* DBUserData.swift in Sources */,
				004C421929E07076000ECC93 /* LoginViewPresenter.swift in Sources */,
				003DC05429E2046100034A80 /* Config.swift in Sources */,
				003DC04C29E2018100034A80 /* CallMediator.swift in Sources */,
				003DC04829E1FC1400034A80 /* CallViewRouter.swift in Sources */,
				00C199C22A05684800732115 /* SignUpView.swift in Sources */,
			);
			runOnlyForDeploymentPostprocessing = 0;
		};
/* End PBXSourcesBuildPhase section */

/* Begin PBXTargetDependency section */
		004C420C29E0272A000ECC93 /* PBXTargetDependency */ = {
			isa = PBXTargetDependency;
			target = 0F0632B927FDD93800B72652 /* CallFriendProject */;
			targetProxy = 004C420B29E0272A000ECC93 /* PBXContainerItemProxy */;
		};
/* End PBXTargetDependency section */

/* Begin XCBuildConfiguration section */
		004C420E29E0272A000ECC93 /* Debug */ = {
			isa = XCBuildConfiguration;
			buildSettings = {
				CLANG_CXX_LANGUAGE_STANDARD = "gnu++20";
				CODE_SIGN_STYLE = Automatic;
				CURRENT_PROJECT_VERSION = 1;
				DEVELOPMENT_TEAM = P6739FAT5K;
				GENERATE_INFOPLIST_FILE = YES;
				IPHONEOS_DEPLOYMENT_TARGET = 16.4;
				MARKETING_VERSION = 1.0;
				PRODUCT_BUNDLE_IDENTIFIER = com.myapp.cf;
				PRODUCT_NAME = "$(TARGET_NAME)";
				SWIFT_EMIT_LOC_STRINGS = NO;
				SWIFT_VERSION = 5.0;
				TARGETED_DEVICE_FAMILY = "1,2";
				TEST_TARGET_NAME = CallFriendProject;
			};
			name = Debug;
		};
		004C420F29E0272A000ECC93 /* Release */ = {
			isa = XCBuildConfiguration;
			buildSettings = {
				CLANG_CXX_LANGUAGE_STANDARD = "gnu++20";
				CODE_SIGN_STYLE = Automatic;
				CURRENT_PROJECT_VERSION = 1;
				DEVELOPMENT_TEAM = P6739FAT5K;
				GENERATE_INFOPLIST_FILE = YES;
				IPHONEOS_DEPLOYMENT_TARGET = 16.4;
				MARKETING_VERSION = 1.0;
				PRODUCT_BUNDLE_IDENTIFIER = com.myapp.cf;
				PRODUCT_NAME = "$(TARGET_NAME)";
				SWIFT_EMIT_LOC_STRINGS = NO;
				SWIFT_VERSION = 5.0;
				TARGETED_DEVICE_FAMILY = "1,2";
				TEST_TARGET_NAME = CallFriendProject;
			};
			name = Release;
		};
		0F0632C627FDD93C00B72652 /* Debug */ = {
			isa = XCBuildConfiguration;
			buildSettings = {
				ALWAYS_SEARCH_USER_PATHS = NO;
				CLANG_ANALYZER_NONNULL = YES;
				CLANG_ANALYZER_NUMBER_OBJECT_CONVERSION = YES_AGGRESSIVE;
				CLANG_CXX_LANGUAGE_STANDARD = "gnu++17";
				CLANG_CXX_LIBRARY = "libc++";
				CLANG_ENABLE_MODULES = YES;
				CLANG_ENABLE_OBJC_ARC = YES;
				CLANG_ENABLE_OBJC_WEAK = YES;
				CLANG_WARN_BLOCK_CAPTURE_AUTORELEASING = YES;
				CLANG_WARN_BOOL_CONVERSION = YES;
				CLANG_WARN_COMMA = YES;
				CLANG_WARN_CONSTANT_CONVERSION = YES;
				CLANG_WARN_DEPRECATED_OBJC_IMPLEMENTATIONS = YES;
				CLANG_WARN_DIRECT_OBJC_ISA_USAGE = YES_ERROR;
				CLANG_WARN_DOCUMENTATION_COMMENTS = YES;
				CLANG_WARN_EMPTY_BODY = YES;
				CLANG_WARN_ENUM_CONVERSION = YES;
				CLANG_WARN_INFINITE_RECURSION = YES;
				CLANG_WARN_INT_CONVERSION = YES;
				CLANG_WARN_NON_LITERAL_NULL_CONVERSION = YES;
				CLANG_WARN_OBJC_IMPLICIT_RETAIN_SELF = YES;
				CLANG_WARN_OBJC_LITERAL_CONVERSION = YES;
				CLANG_WARN_OBJC_ROOT_CLASS = YES_ERROR;
				CLANG_WARN_QUOTED_INCLUDE_IN_FRAMEWORK_HEADER = YES;
				CLANG_WARN_RANGE_LOOP_ANALYSIS = YES;
				CLANG_WARN_STRICT_PROTOTYPES = YES;
				CLANG_WARN_SUSPICIOUS_MOVE = YES;
				CLANG_WARN_UNGUARDED_AVAILABILITY = YES_AGGRESSIVE;
				CLANG_WARN_UNREACHABLE_CODE = YES;
				CLANG_WARN__DUPLICATE_METHOD_MATCH = YES;
				COPY_PHASE_STRIP = NO;
				DEBUG_INFORMATION_FORMAT = dwarf;
				ENABLE_STRICT_OBJC_MSGSEND = YES;
				ENABLE_TESTABILITY = YES;
				GCC_C_LANGUAGE_STANDARD = gnu11;
				GCC_DYNAMIC_NO_PIC = NO;
				GCC_NO_COMMON_BLOCKS = YES;
				GCC_OPTIMIZATION_LEVEL = 0;
				GCC_PREPROCESSOR_DEFINITIONS = (
					"DEBUG=1",
					"$(inherited)",
				);
				GCC_WARN_64_TO_32_BIT_CONVERSION = YES;
				GCC_WARN_ABOUT_RETURN_TYPE = YES_ERROR;
				GCC_WARN_UNDECLARED_SELECTOR = YES;
				GCC_WARN_UNINITIALIZED_AUTOS = YES_AGGRESSIVE;
				GCC_WARN_UNUSED_FUNCTION = YES;
				GCC_WARN_UNUSED_VARIABLE = YES;
				IPHONEOS_DEPLOYMENT_TARGET = 15.2;
				MTL_ENABLE_DEBUG_INFO = INCLUDE_SOURCE;
				MTL_FAST_MATH = YES;
				ONLY_ACTIVE_ARCH = YES;
				SDKROOT = iphoneos;
				SWIFT_ACTIVE_COMPILATION_CONDITIONS = DEBUG;
				SWIFT_OPTIMIZATION_LEVEL = "-Onone";
			};
			name = Debug;
		};
		0F0632C727FDD93C00B72652 /* Release */ = {
			isa = XCBuildConfiguration;
			buildSettings = {
				ALWAYS_SEARCH_USER_PATHS = NO;
				CLANG_ANALYZER_NONNULL = YES;
				CLANG_ANALYZER_NUMBER_OBJECT_CONVERSION = YES_AGGRESSIVE;
				CLANG_CXX_LANGUAGE_STANDARD = "gnu++17";
				CLANG_CXX_LIBRARY = "libc++";
				CLANG_ENABLE_MODULES = YES;
				CLANG_ENABLE_OBJC_ARC = YES;
				CLANG_ENABLE_OBJC_WEAK = YES;
				CLANG_WARN_BLOCK_CAPTURE_AUTORELEASING = YES;
				CLANG_WARN_BOOL_CONVERSION = YES;
				CLANG_WARN_COMMA = YES;
				CLANG_WARN_CONSTANT_CONVERSION = YES;
				CLANG_WARN_DEPRECATED_OBJC_IMPLEMENTATIONS = YES;
				CLANG_WARN_DIRECT_OBJC_ISA_USAGE = YES_ERROR;
				CLANG_WARN_DOCUMENTATION_COMMENTS = YES;
				CLANG_WARN_EMPTY_BODY = YES;
				CLANG_WARN_ENUM_CONVERSION = YES;
				CLANG_WARN_INFINITE_RECURSION = YES;
				CLANG_WARN_INT_CONVERSION = YES;
				CLANG_WARN_NON_LITERAL_NULL_CONVERSION = YES;
				CLANG_WARN_OBJC_IMPLICIT_RETAIN_SELF = YES;
				CLANG_WARN_OBJC_LITERAL_CONVERSION = YES;
				CLANG_WARN_OBJC_ROOT_CLASS = YES_ERROR;
				CLANG_WARN_QUOTED_INCLUDE_IN_FRAMEWORK_HEADER = YES;
				CLANG_WARN_RANGE_LOOP_ANALYSIS = YES;
				CLANG_WARN_STRICT_PROTOTYPES = YES;
				CLANG_WARN_SUSPICIOUS_MOVE = YES;
				CLANG_WARN_UNGUARDED_AVAILABILITY = YES_AGGRESSIVE;
				CLANG_WARN_UNREACHABLE_CODE = YES;
				CLANG_WARN__DUPLICATE_METHOD_MATCH = YES;
				COPY_PHASE_STRIP = NO;
				DEBUG_INFORMATION_FORMAT = "dwarf-with-dsym";
				ENABLE_NS_ASSERTIONS = NO;
				ENABLE_STRICT_OBJC_MSGSEND = YES;
				GCC_C_LANGUAGE_STANDARD = gnu11;
				GCC_NO_COMMON_BLOCKS = YES;
				GCC_WARN_64_TO_32_BIT_CONVERSION = YES;
				GCC_WARN_ABOUT_RETURN_TYPE = YES_ERROR;
				GCC_WARN_UNDECLARED_SELECTOR = YES;
				GCC_WARN_UNINITIALIZED_AUTOS = YES_AGGRESSIVE;
				GCC_WARN_UNUSED_FUNCTION = YES;
				GCC_WARN_UNUSED_VARIABLE = YES;
				IPHONEOS_DEPLOYMENT_TARGET = 15.2;
				MTL_ENABLE_DEBUG_INFO = NO;
				MTL_FAST_MATH = YES;
				SDKROOT = iphoneos;
				SWIFT_COMPILATION_MODE = wholemodule;
				SWIFT_OPTIMIZATION_LEVEL = "-O";
				VALIDATE_PRODUCT = YES;
			};
			name = Release;
		};
		0F0632C927FDD93C00B72652 /* Debug */ = {
			isa = XCBuildConfiguration;
			buildSettings = {
				ASSETCATALOG_COMPILER_APPICON_NAME = AppIcon;
				ASSETCATALOG_COMPILER_GLOBAL_ACCENT_COLOR_NAME = AccentColor;
				CODE_SIGN_ENTITLEMENTS = CallFriendProject/CallFriendProject.entitlements;
				CODE_SIGN_STYLE = Automatic;
				CURRENT_PROJECT_VERSION = 1;
				DEVELOPMENT_ASSET_PATHS = "\"CallFriendProject/Preview Content\"";
				DEVELOPMENT_TEAM = P6739FAT5K;
				ENABLE_PREVIEWS = YES;
				GENERATE_INFOPLIST_FILE = YES;
				INFOPLIST_FILE = CallFriendProject/Info.plist;
				INFOPLIST_KEY_NSCameraUsageDescription = "uses Camera for video calling";
				INFOPLIST_KEY_NSMicrophoneUsageDescription = "Use microphone for voice calls";
				INFOPLIST_KEY_UIApplicationSceneManifest_Generation = YES;
				INFOPLIST_KEY_UIApplicationSupportsIndirectInputEvents = YES;
				INFOPLIST_KEY_UILaunchScreen_Generation = YES;
				INFOPLIST_KEY_UISupportedInterfaceOrientations = UIInterfaceOrientationPortrait;
				IPHONEOS_DEPLOYMENT_TARGET = 16.0;
				LD_RUNPATH_SEARCH_PATHS = (
					"$(inherited)",
					"@executable_path/Frameworks",
				);
				MARKETING_VERSION = 1.0;
				PRODUCT_BUNDLE_IDENTIFIER = com.myapp.cf;
				PRODUCT_NAME = "$(TARGET_NAME)";
				SUPPORTED_PLATFORMS = "iphoneos iphonesimulator";
				SUPPORTS_MACCATALYST = NO;
				SUPPORTS_MAC_DESIGNED_FOR_IPHONE_IPAD = NO;
				SWIFT_EMIT_LOC_STRINGS = YES;
				SWIFT_VERSION = 5.0;
				TARGETED_DEVICE_FAMILY = "1,2";
			};
			name = Debug;
		};
		0F0632CA27FDD93C00B72652 /* Release */ = {
			isa = XCBuildConfiguration;
			buildSettings = {
				ASSETCATALOG_COMPILER_APPICON_NAME = AppIcon;
				ASSETCATALOG_COMPILER_GLOBAL_ACCENT_COLOR_NAME = AccentColor;
				CODE_SIGN_ENTITLEMENTS = CallFriendProject/CallFriendProject.entitlements;
				CODE_SIGN_STYLE = Automatic;
				CURRENT_PROJECT_VERSION = 1;
				DEVELOPMENT_ASSET_PATHS = "\"CallFriendProject/Preview Content\"";
				DEVELOPMENT_TEAM = P6739FAT5K;
				ENABLE_PREVIEWS = YES;
				GENERATE_INFOPLIST_FILE = YES;
				INFOPLIST_FILE = CallFriendProject/Info.plist;
				INFOPLIST_KEY_NSCameraUsageDescription = "uses Camera for video calling";
				INFOPLIST_KEY_NSMicrophoneUsageDescription = "Use microphone for voice calls";
				INFOPLIST_KEY_UIApplicationSceneManifest_Generation = YES;
				INFOPLIST_KEY_UIApplicationSupportsIndirectInputEvents = YES;
				INFOPLIST_KEY_UILaunchScreen_Generation = YES;
				INFOPLIST_KEY_UISupportedInterfaceOrientations = UIInterfaceOrientationPortrait;
				IPHONEOS_DEPLOYMENT_TARGET = 16.0;
				LD_RUNPATH_SEARCH_PATHS = (
					"$(inherited)",
					"@executable_path/Frameworks",
				);
				MARKETING_VERSION = 1.0;
				PRODUCT_BUNDLE_IDENTIFIER = com.myapp.cf;
				PRODUCT_NAME = "$(TARGET_NAME)";
				SUPPORTED_PLATFORMS = "iphoneos iphonesimulator";
				SUPPORTS_MACCATALYST = NO;
				SUPPORTS_MAC_DESIGNED_FOR_IPHONE_IPAD = NO;
				SWIFT_EMIT_LOC_STRINGS = YES;
				SWIFT_VERSION = 5.0;
				TARGETED_DEVICE_FAMILY = "1,2";
			};
			name = Release;
		};
/* End XCBuildConfiguration section */

/* Begin XCConfigurationList section */
		004C420D29E0272A000ECC93 /* Build configuration list for PBXNativeTarget "CallFriendProjectUITests" */ = {
			isa = XCConfigurationList;
			buildConfigurations = (
				004C420E29E0272A000ECC93 /* Debug */,
				004C420F29E0272A000ECC93 /* Release */,
			);
			defaultConfigurationIsVisible = 0;
			defaultConfigurationName = Release;
		};
		0F0632B527FDD93800B72652 /* Build configuration list for PBXProject "CallFriendProject" */ = {
			isa = XCConfigurationList;
			buildConfigurations = (
				0F0632C627FDD93C00B72652 /* Debug */,
				0F0632C727FDD93C00B72652 /* Release */,
			);
			defaultConfigurationIsVisible = 0;
			defaultConfigurationName = Release;
		};
		0F0632C827FDD93C00B72652 /* Build configuration list for PBXNativeTarget "CallFriendProject" */ = {
			isa = XCConfigurationList;
			buildConfigurations = (
				0F0632C927FDD93C00B72652 /* Debug */,
				0F0632CA27FDD93C00B72652 /* Release */,
			);
			defaultConfigurationIsVisible = 0;
			defaultConfigurationName = Release;
		};
/* End XCConfigurationList section */

/* Begin XCRemoteSwiftPackageReference section */
		000FB10E29D48B6800010128 /* XCRemoteSwiftPackageReference "AgoraRtcEngine_iOS" */ = {
			isa = XCRemoteSwiftPackageReference;
			repositoryURL = "https://github.com/AgoraIO/AgoraRtcEngine_iOS";
			requirement = {
				kind = upToNextMajorVersion;
				minimumVersion = 4.0.0;
			};
		};
		000FB11129D48DD500010128 /* XCRemoteSwiftPackageReference "AgoraRtm_iOS" */ = {
			isa = XCRemoteSwiftPackageReference;
			repositoryURL = "https://github.com/AgoraIO/AgoraRtm_iOS";
			requirement = {
				kind = upToNextMajorVersion;
				minimumVersion = 1.0.0;
			};
		};
		004C421C29E076A1000ECC93 /* XCRemoteSwiftPackageReference "AlertToast" */ = {
			isa = XCRemoteSwiftPackageReference;
			repositoryURL = "https://github.com/elai950/AlertToast.git";
			requirement = {
				kind = upToNextMajorVersion;
				minimumVersion = 1.0.0;
			};
		};
		00C199B92A05669700732115 /* XCRemoteSwiftPackageReference "firebase-ios-sdk" */ = {
			isa = XCRemoteSwiftPackageReference;
			repositoryURL = "https://github.com/firebase/firebase-ios-sdk";
			requirement = {
				kind = upToNextMajorVersion;
				minimumVersion = 10.0.0;
			};
		};
/* End XCRemoteSwiftPackageReference section */

/* Begin XCSwiftPackageProductDependency section */
		000FB10F29D48B6800010128 /* RtcBasic */ = {
			isa = XCSwiftPackageProductDependency;
			package = 000FB10E29D48B6800010128 /* XCRemoteSwiftPackageReference "AgoraRtcEngine_iOS" */;
			productName = RtcBasic;
		};
		000FB11229D48DD500010128 /* AgoraRtmKit */ = {
			isa = XCSwiftPackageProductDependency;
			package = 000FB11129D48DD500010128 /* XCRemoteSwiftPackageReference "AgoraRtm_iOS" */;
			productName = AgoraRtmKit;
		};
		004C421D29E076A1000ECC93 /* AlertToast */ = {
			isa = XCSwiftPackageProductDependency;
			package = 004C421C29E076A1000ECC93 /* XCRemoteSwiftPackageReference "AlertToast" */;
			productName = AlertToast;
		};
		00C199BA2A05669700732115 /* FirebaseAuth */ = {
			isa = XCSwiftPackageProductDependency;
			package = 00C199B92A05669700732115 /* XCRemoteSwiftPackageReference "firebase-ios-sdk" */;
			productName = FirebaseAuth;
		};
		00C199BC2A05669700732115 /* FirebaseFirestore */ = {
			isa = XCSwiftPackageProductDependency;
			package = 00C199B92A05669700732115 /* XCRemoteSwiftPackageReference "firebase-ios-sdk" */;
			productName = FirebaseFirestore;
		};
/* End XCSwiftPackageProductDependency section */
	};
	rootObject = 0F0632B227FDD93800B72652 /* Project object */;
}
